
Microsoft Visual Studio Solution File, Format Version 12.00
# Visual Studio Version 17
VisualStudioVersion = 17.6.33829.357
MinimumVisualStudioVersion = 10.0.40219.1
Project("{FAE04EC0-301F-11D3-BF4B-00C04F79EFBC}") = "GluLamb", "GluLamb\GluLamb.csproj", "{370875BF-239C-464F-970F-0CEB9D412FD8}"
EndProject
Project("{FAE04EC0-301F-11D3-BF4B-00C04F79EFBC}") = "GluLamb.GH", "GluLamb.GH\GluLamb.GH.csproj", "{05279F4B-0F9A-4B26-84F0-938A942BE2A3}"
EndProject
Project("{9A19103F-16F7-4668-BE54-9A1E7A4F7556}") = "GluLamb.Raw", "GluLamb.Raw\GluLamb.Raw.csproj", "{1A5F1509-E9C9-4731-B6AE-73E22AF091D5}"
EndProject
Project("{9A19103F-16F7-4668-BE54-9A1E7A4F7556}") = "GluLamb.Raw.GH", "GluLamb.Raw.GH\GluLamb.Raw.GH.csproj", "{470ED4F0-C06E-4E20-B091-14A4CA3104D6}"
EndProject
Project("{9A19103F-16F7-4668-BE54-9A1E7A4F7556}") = "GluLamb.Raw.Test", "GluLamb.Raw.Test\GluLamb.Raw.Test.csproj", "{1DC4C563-1375-4077-A998-03F38BCD0CB1}"
EndProject
Project("{FAE04EC0-301F-11D3-BF4B-00C04F79EFBC}") = "GluLambRhino", "GluLamb.Rhino\GluLambRhino.csproj", "{D13A9E65-AED0-4EED-BAE9-C9237F0CE1D7}"
EndProject
Project("{9A19103F-16F7-4668-BE54-9A1E7A4F7556}") = "GWorks", "GluLamb.Works\GWorks.csproj", "{EA4F57EB-983B-4ADB-9CE3-7078AC6DA7F1}"
EndProject
Project("{FAE04EC0-301F-11D3-BF4B-00C04F79EFBC}") = "Cix.GH", "Cix.GH\Cix.GH.csproj", "{2CDE1CA7-6CA6-44CC-944E-C577C5C6FADB}"
EndProject
Global
	GlobalSection(SolutionConfigurationPlatforms) = preSolution
		Debug|Any CPU = Debug|Any CPU
		Debug|x64 = Debug|x64
		Release|Any CPU = Release|Any CPU
		Release|x64 = Release|x64
	EndGlobalSection
	GlobalSection(ProjectConfigurationPlatforms) = postSolution
		{370875BF-239C-464F-970F-0CEB9D412FD8}.Debug|Any CPU.ActiveCfg = Debug|Any CPU
		{370875BF-239C-464F-970F-0CEB9D412FD8}.Debug|Any CPU.Build.0 = Debug|Any CPU
		{370875BF-239C-464F-970F-0CEB9D412FD8}.Debug|x64.ActiveCfg = Debug|Any CPU
		{370875BF-239C-464F-970F-0CEB9D412FD8}.Debug|x64.Build.0 = Debug|Any CPU
		{370875BF-239C-464F-970F-0CEB9D412FD8}.Release|Any CPU.ActiveCfg = Release|Any CPU
		{370875BF-239C-464F-970F-0CEB9D412FD8}.Release|Any CPU.Build.0 = Release|Any CPU
		{370875BF-239C-464F-970F-0CEB9D412FD8}.Release|x64.ActiveCfg = Release|Any CPU
		{370875BF-239C-464F-970F-0CEB9D412FD8}.Release|x64.Build.0 = Release|Any CPU

		{05279F4B-0F9A-4B26-84F0-938A942BE2A3}.Debug|Any CPU.ActiveCfg = Debug|x64
		{05279F4B-0F9A-4B26-84F0-938A942BE2A3}.Debug|Any CPU.Build.0 = Debug|x64
		{05279F4B-0F9A-4B26-84F0-938A942BE2A3}.Debug|x64.ActiveCfg = Debug|x64
		{05279F4B-0F9A-4B26-84F0-938A942BE2A3}.Debug|x64.Build.0 = Debug|x64
		{05279F4B-0F9A-4B26-84F0-938A942BE2A3}.Release|Any CPU.ActiveCfg = Release|x64
		{05279F4B-0F9A-4B26-84F0-938A942BE2A3}.Release|Any CPU.Build.0 = Release|x64
		{05279F4B-0F9A-4B26-84F0-938A942BE2A3}.Release|x64.ActiveCfg = Release|x64
		{05279F4B-0F9A-4B26-84F0-938A942BE2A3}.Release|x64.Build.0 = Release|x64
		{1A5F1509-E9C9-4731-B6AE-73E22AF091D5}.Debug|Any CPU.ActiveCfg = Debug|x64
		{1A5F1509-E9C9-4731-B6AE-73E22AF091D5}.Debug|Any CPU.Build.0 = Debug|x64
		{1A5F1509-E9C9-4731-B6AE-73E22AF091D5}.Debug|x64.ActiveCfg = Debug|x64
		{1A5F1509-E9C9-4731-B6AE-73E22AF091D5}.Debug|x64.Build.0 = Debug|x64
		{1A5F1509-E9C9-4731-B6AE-73E22AF091D5}.Release|Any CPU.ActiveCfg = Release|x64
		{1A5F1509-E9C9-4731-B6AE-73E22AF091D5}.Release|Any CPU.Build.0 = Release|x64
		{1A5F1509-E9C9-4731-B6AE-73E22AF091D5}.Release|x64.ActiveCfg = Release|x64
		{1A5F1509-E9C9-4731-B6AE-73E22AF091D5}.Release|x64.Build.0 = Release|x64
		{470ED4F0-C06E-4E20-B091-14A4CA3104D6}.Debug|Any CPU.ActiveCfg = Debug|x64
		{470ED4F0-C06E-4E20-B091-14A4CA3104D6}.Debug|Any CPU.Build.0 = Debug|x64
		{470ED4F0-C06E-4E20-B091-14A4CA3104D6}.Debug|x64.ActiveCfg = Debug|x64
		{470ED4F0-C06E-4E20-B091-14A4CA3104D6}.Debug|x64.Build.0 = Debug|x64
		{470ED4F0-C06E-4E20-B091-14A4CA3104D6}.Release|Any CPU.ActiveCfg = Release|x64
		{470ED4F0-C06E-4E20-B091-14A4CA3104D6}.Release|Any CPU.Build.0 = Release|x64
		{470ED4F0-C06E-4E20-B091-14A4CA3104D6}.Release|x64.ActiveCfg = Release|x64
		{470ED4F0-C06E-4E20-B091-14A4CA3104D6}.Release|x64.Build.0 = Release|x64
		{1DC4C563-1375-4077-A998-03F38BCD0CB1}.Debug|Any CPU.ActiveCfg = Debug|x64
		{1DC4C563-1375-4077-A998-03F38BCD0CB1}.Debug|Any CPU.Build.0 = Debug|x64
		{1DC4C563-1375-4077-A998-03F38BCD0CB1}.Debug|x64.ActiveCfg = Debug|x64
		{1DC4C563-1375-4077-A998-03F38BCD0CB1}.Debug|x64.Build.0 = Debug|x64
		{1DC4C563-1375-4077-A998-03F38BCD0CB1}.Release|Any CPU.ActiveCfg = Release|x64
		{1DC4C563-1375-4077-A998-03F38BCD0CB1}.Release|Any CPU.Build.0 = Release|x64
		{1DC4C563-1375-4077-A998-03F38BCD0CB1}.Release|x64.ActiveCfg = Release|x64
		{D13A9E65-AED0-4EED-BAE9-C9237F0CE1D7}.Debug|Any CPU.ActiveCfg = Debug|Any CPU
		{D13A9E65-AED0-4EED-BAE9-C9237F0CE1D7}.Debug|Any CPU.Build.0 = Debug|Any CPU
		{D13A9E65-AED0-4EED-BAE9-C9237F0CE1D7}.Debug|x64.ActiveCfg = Debug|x64
		{D13A9E65-AED0-4EED-BAE9-C9237F0CE1D7}.Debug|x64.Build.0 = Debug|x64
		{D13A9E65-AED0-4EED-BAE9-C9237F0CE1D7}.Release|Any CPU.ActiveCfg = Release|Any CPU
		{D13A9E65-AED0-4EED-BAE9-C9237F0CE1D7}.Release|Any CPU.Build.0 = Release|Any CPU
		{D13A9E65-AED0-4EED-BAE9-C9237F0CE1D7}.Release|x64.ActiveCfg = Release|x64
		{D13A9E65-AED0-4EED-BAE9-C9237F0CE1D7}.Release|x64.Build.0 = Release|x64
		{EA4F57EB-983B-4ADB-9CE3-7078AC6DA7F1}.Debug|Any CPU.ActiveCfg = Debug|Any CPU
		{EA4F57EB-983B-4ADB-9CE3-7078AC6DA7F1}.Debug|Any CPU.Build.0 = Debug|Any CPU
		{EA4F57EB-983B-4ADB-9CE3-7078AC6DA7F1}.Debug|x64.ActiveCfg = Debug|Any CPU
		{EA4F57EB-983B-4ADB-9CE3-7078AC6DA7F1}.Debug|x64.Build.0 = Debug|Any CPU
		{EA4F57EB-983B-4ADB-9CE3-7078AC6DA7F1}.Release|Any CPU.ActiveCfg = Release|Any CPU
		{EA4F57EB-983B-4ADB-9CE3-7078AC6DA7F1}.Release|Any CPU.Build.0 = Release|Any CPU
		{EA4F57EB-983B-4ADB-9CE3-7078AC6DA7F1}.Release|x64.ActiveCfg = Release|Any CPU
		{EA4F57EB-983B-4ADB-9CE3-7078AC6DA7F1}.Release|x64.Build.0 = Release|Any CPU
		
		{2CDE1CA7-6CA6-44CC-944E-C577C5C6FADB}.Debug|Any CPU.ActiveCfg = Debug|Any CPU
		{2CDE1CA7-6CA6-44CC-944E-C577C5C6FADB}.Debug|Any CPU.Build.0 = Debug|Any CPU
		{2CDE1CA7-6CA6-44CC-944E-C577C5C6FADB}.Debug|x64.ActiveCfg = Debug|Any CPU
		{2CDE1CA7-6CA6-44CC-944E-C577C5C6FADB}.Debug|x64.Build.0 = Debug|Any CPU
		{2CDE1CA7-6CA6-44CC-944E-C577C5C6FADB}.Release|Any CPU.ActiveCfg = Release|Any CPU
		{2CDE1CA7-6CA6-44CC-944E-C577C5C6FADB}.Release|Any CPU.Build.0 = Release|Any CPU
		{2CDE1CA7-6CA6-44CC-944E-C577C5C6FADB}.Release|x64.ActiveCfg = Release|Any CPU
		{2CDE1CA7-6CA6-44CC-944E-C577C5C6FADB}.Release|x64.Build.0 = Release|Any CPU
	EndGlobalSection
	GlobalSection(SolutionProperties) = preSolution
		HideSolutionNode = FALSE
	EndGlobalSection
	GlobalSection(ExtensibilityGlobals) = postSolution
		SolutionGuid = {9A29B931-5E2E-4EF6-9605-BF0E208D4447}
	EndGlobalSection
EndGlobal
